
Microsoft Visual Studio Solution File, Format Version 12.00
# Visual Studio Version 16
VisualStudioVersion = 16.0.29728.190
MinimumVisualStudioVersion = 10.0.40219.1
Project("{8BC9CEB8-8B4A-11D0-8D11-00A0C91BC942}") = "Naughts and crosses", "Naughts and crosses\Naughts and crosses.vcxproj", "{C964C66B-F07F-451C-88E4-6B851F8B4D83}"
EndProject
Global
	GlobalSection(SolutionConfigurationPlatforms) = preSolution
		Debug|x64 = Debug|x64
		Debug|x86 = Debug|x86
		Release|x64 = Release|x64
		Release|x86 = Release|x86
	EndGlobalSection
	GlobalSection(ProjectConfigurationPlatforms) = postSolution
		{C964C66B-F07F-451C-88E4-6B851F8B4D83}.Debug|x64.ActiveCfg = Debug|x64
		{C964C66B-F07F-451C-88E4-6B851F8B4D83}.Debug|x64.Build.0 = Debug|x64
		{C964C66B-F07F-451C-88E4-6B851F8B4D83}.Debug|x86.ActiveCfg = Debug|Win32
		{C964C66B-F07F-451C-88E4-6B851F8B4D83}.Debug|x86.Build.0 = Debug|Win32
		{C964C66B-F07F-451C-88E4-6B851F8B4D83}.Release|x64.ActiveCfg = Release|x64
		{C964C66B-F07F-451C-88E4-6B851F8B4D83}.Release|x64.Build.0 = Release|x64
		{C964C66B-F07F-451C-88E4-6B851F8B4D83}.Release|x86.ActiveCfg = Release|Win32
		{C964C66B-F07F-451C-88E4-6B851F8B4D83}.Release|x86.Build.0 = Release|Win32
	EndGlobalSection
	GlobalSection(SolutionProperties) = preSolution
		HideSolutionNode = FALSE
	EndGlobalSection
	GlobalSection(ExtensibilityGlobals) = postSolution
		SolutionGuid = {61E2F0E1-42CD-4C8F-8CB0-A9944F037B21}
	EndGlobalSection
EndGlobal
