
Microsoft Visual Studio Solution File, Format Version 12.00
# Visual Studio Version 16
VisualStudioVersion = 16.0.29728.190
MinimumVisualStudioVersion = 10.0.40219.1
Project("{FAE04EC0-301F-11D3-BF4B-00C04F79EFBC}") = "testmath", "testmath\testmath.csproj", "{56C6177D-D8AD-4DC9-9C2D-8100A80233DA}"
EndProject
Global
	GlobalSection(SolutionConfigurationPlatforms) = preSolution
		Debug|Any CPU = Debug|Any CPU
		Release|Any CPU = Release|Any CPU
	EndGlobalSection
	GlobalSection(ProjectConfigurationPlatforms) = postSolution
		{56C6177D-D8AD-4DC9-9C2D-8100A80233DA}.Debug|Any CPU.ActiveCfg = Debug|Any CPU
		{56C6177D-D8AD-4DC9-9C2D-8100A80233DA}.Debug|Any CPU.Build.0 = Debug|Any CPU
		{56C6177D-D8AD-4DC9-9C2D-8100A80233DA}.Release|Any CPU.ActiveCfg = Release|Any CPU
		{56C6177D-D8AD-4DC9-9C2D-8100A80233DA}.Release|Any CPU.Build.0 = Release|Any CPU
	EndGlobalSection
	GlobalSection(SolutionProperties) = preSolution
		HideSolutionNode = FALSE
	EndGlobalSection
	GlobalSection(ExtensibilityGlobals) = postSolution
		SolutionGuid = {32143551-C87B-4187-9338-5CFE705D8C33}
	EndGlobalSection
EndGlobal
