
Microsoft Visual Studio Solution File, Format Version 12.00
# Visual Studio Version 16
VisualStudioVersion = 16.0.29728.190
MinimumVisualStudioVersion = 10.0.40219.1
Project("{FAE04EC0-301F-11D3-BF4B-00C04F79EFBC}") = "morning exercise", "morning exercise\morning exercise.csproj", "{0E543634-60A9-4B63-9C06-04BBF9FB3F7D}"
EndProject
Global
	GlobalSection(SolutionConfigurationPlatforms) = preSolution
		Debug|Any CPU = Debug|Any CPU
		Release|Any CPU = Release|Any CPU
	EndGlobalSection
	GlobalSection(ProjectConfigurationPlatforms) = postSolution
		{0E543634-60A9-4B63-9C06-04BBF9FB3F7D}.Debug|Any CPU.ActiveCfg = Debug|Any CPU
		{0E543634-60A9-4B63-9C06-04BBF9FB3F7D}.Debug|Any CPU.Build.0 = Debug|Any CPU
		{0E543634-60A9-4B63-9C06-04BBF9FB3F7D}.Release|Any CPU.ActiveCfg = Release|Any CPU
		{0E543634-60A9-4B63-9C06-04BBF9FB3F7D}.Release|Any CPU.Build.0 = Release|Any CPU
	EndGlobalSection
	GlobalSection(SolutionProperties) = preSolution
		HideSolutionNode = FALSE
	EndGlobalSection
	GlobalSection(ExtensibilityGlobals) = postSolution
		SolutionGuid = {0C15065E-5CA7-4A23-9747-F389E768DBFD}
	EndGlobalSection
EndGlobal
