
Microsoft Visual Studio Solution File, Format Version 12.00
# Visual Studio Version 16
VisualStudioVersion = 16.0.29728.190
MinimumVisualStudioVersion = 10.0.40219.1
Project("{FAE04EC0-301F-11D3-BF4B-00C04F79EFBC}") = "Exercise 3", "Exercise 3\Exercise 3.csproj", "{E8E7B5D9-4AB8-42B0-89D1-E33F6707B31E}"
EndProject
Global
	GlobalSection(SolutionConfigurationPlatforms) = preSolution
		Debug|Any CPU = Debug|Any CPU
		Release|Any CPU = Release|Any CPU
	EndGlobalSection
	GlobalSection(ProjectConfigurationPlatforms) = postSolution
		{E8E7B5D9-4AB8-42B0-89D1-E33F6707B31E}.Debug|Any CPU.ActiveCfg = Debug|Any CPU
		{E8E7B5D9-4AB8-42B0-89D1-E33F6707B31E}.Debug|Any CPU.Build.0 = Debug|Any CPU
		{E8E7B5D9-4AB8-42B0-89D1-E33F6707B31E}.Release|Any CPU.ActiveCfg = Release|Any CPU
		{E8E7B5D9-4AB8-42B0-89D1-E33F6707B31E}.Release|Any CPU.Build.0 = Release|Any CPU
	EndGlobalSection
	GlobalSection(SolutionProperties) = preSolution
		HideSolutionNode = FALSE
	EndGlobalSection
	GlobalSection(ExtensibilityGlobals) = postSolution
		SolutionGuid = {4AF54B1D-8D5D-4C36-9DCE-1887F05D224E}
	EndGlobalSection
EndGlobal
