
Microsoft Visual Studio Solution File, Format Version 12.00
# Visual Studio Version 16
VisualStudioVersion = 16.0.29728.190
MinimumVisualStudioVersion = 10.0.40219.1
Project("{FAE04EC0-301F-11D3-BF4B-00C04F79EFBC}") = "WindowsFormsApp1", "WindowsFormsApp1\WindowsFormsApp1.csproj", "{E09E2AB2-1085-4106-B53D-B63F03866D73}"
EndProject
Global
	GlobalSection(SolutionConfigurationPlatforms) = preSolution
		Debug|Any CPU = Debug|Any CPU
		Release|Any CPU = Release|Any CPU
	EndGlobalSection
	GlobalSection(ProjectConfigurationPlatforms) = postSolution
		{E09E2AB2-1085-4106-B53D-B63F03866D73}.Debug|Any CPU.ActiveCfg = Debug|Any CPU
		{E09E2AB2-1085-4106-B53D-B63F03866D73}.Debug|Any CPU.Build.0 = Debug|Any CPU
		{E09E2AB2-1085-4106-B53D-B63F03866D73}.Release|Any CPU.ActiveCfg = Release|Any CPU
		{E09E2AB2-1085-4106-B53D-B63F03866D73}.Release|Any CPU.Build.0 = Release|Any CPU
	EndGlobalSection
	GlobalSection(SolutionProperties) = preSolution
		HideSolutionNode = FALSE
	EndGlobalSection
	GlobalSection(ExtensibilityGlobals) = postSolution
		SolutionGuid = {AA81FC3B-08FE-4341-B0F1-02ECF106458D}
	EndGlobalSection
EndGlobal
