
Microsoft Visual Studio Solution File, Format Version 12.00
# Visual Studio Version 16
VisualStudioVersion = 16.0.29728.190
MinimumVisualStudioVersion = 10.0.40219.1
Project("{FAE04EC0-301F-11D3-BF4B-00C04F79EFBC}") = "Console Game v3", "Console Game v3\Console Game v3.csproj", "{CB4CC028-A834-4D5B-BDB4-2D23F00F7AC0}"
EndProject
Global
	GlobalSection(SolutionConfigurationPlatforms) = preSolution
		Debug|Any CPU = Debug|Any CPU
		Release|Any CPU = Release|Any CPU
	EndGlobalSection
	GlobalSection(ProjectConfigurationPlatforms) = postSolution
		{CB4CC028-A834-4D5B-BDB4-2D23F00F7AC0}.Debug|Any CPU.ActiveCfg = Debug|Any CPU
		{CB4CC028-A834-4D5B-BDB4-2D23F00F7AC0}.Debug|Any CPU.Build.0 = Debug|Any CPU
		{CB4CC028-A834-4D5B-BDB4-2D23F00F7AC0}.Release|Any CPU.ActiveCfg = Release|Any CPU
		{CB4CC028-A834-4D5B-BDB4-2D23F00F7AC0}.Release|Any CPU.Build.0 = Release|Any CPU
	EndGlobalSection
	GlobalSection(SolutionProperties) = preSolution
		HideSolutionNode = FALSE
	EndGlobalSection
	GlobalSection(ExtensibilityGlobals) = postSolution
		SolutionGuid = {BF1E47D9-6401-4976-9142-027766D26AC9}
	EndGlobalSection
EndGlobal
